
Microsoft Visual Studio Solution File, Format Version 12.00
# Visual Studio Version 17
VisualStudioVersion = 17.5.33627.172
MinimumVisualStudioVersion = 10.0.40219.1
Project("{FAE04EC0-301F-11D3-BF4B-00C04F79EFBC}") = "AutosaveNet", "AutosaveNet.csproj", "{06F31947-4C24-4F4F-94B0-829F3459B1CB}"
EndProject
Global
	GlobalSection(SolutionConfigurationPlatforms) = preSolution
		Debug|Any CPU = Debug|Any CPU
		Release|Any CPU = Release|Any CPU
	EndGlobalSection
	GlobalSection(ProjectConfigurationPlatforms) = postSolution
		{06F31947-4C24-4F4F-94B0-829F3459B1CB}.Debug|Any CPU.ActiveCfg = Debug|Any CPU
		{06F31947-4C24-4F4F-94B0-829F3459B1CB}.Debug|Any CPU.Build.0 = Debug|Any CPU
		{06F31947-4C24-4F4F-94B0-829F3459B1CB}.Release|Any CPU.ActiveCfg = Release|Any CPU
		{06F31947-4C24-4F4F-94B0-829F3459B1CB}.Release|Any CPU.Build.0 = Release|Any CPU
	EndGlobalSection
	GlobalSection(SolutionProperties) = preSolution
		HideSolutionNode = FALSE
	EndGlobalSection
	GlobalSection(ExtensibilityGlobals) = postSolution
		SolutionGuid = {B71F80E3-8857-4230-A530-EDEB4CDDD3F6}
	EndGlobalSection
EndGlobal
